
Microsoft Visual Studio Solution File, Format Version 12.00
# Visual Studio 15
VisualStudioVersion = 15.0.28010.2041
MinimumVisualStudioVersion = 10.0.40219.1
Project("{FAE04EC0-301F-11D3-BF4B-00C04F79EFBC}") = "OOP_Project", "OOP_Project\OOP_Project.csproj", "{B3603F5A-CF4C-4E16-B0EA-6E9B2A61E27A}"
EndProject
Global
	GlobalSection(SolutionConfigurationPlatforms) = preSolution
		Debug|Any CPU = Debug|Any CPU
		Release|Any CPU = Release|Any CPU
	EndGlobalSection
	GlobalSection(ProjectConfigurationPlatforms) = postSolution
		{B3603F5A-CF4C-4E16-B0EA-6E9B2A61E27A}.Debug|Any CPU.ActiveCfg = Debug|Any CPU
		{B3603F5A-CF4C-4E16-B0EA-6E9B2A61E27A}.Debug|Any CPU.Build.0 = Debug|Any CPU
		{B3603F5A-CF4C-4E16-B0EA-6E9B2A61E27A}.Release|Any CPU.ActiveCfg = Release|Any CPU
		{B3603F5A-CF4C-4E16-B0EA-6E9B2A61E27A}.Release|Any CPU.Build.0 = Release|Any CPU
	EndGlobalSection
	GlobalSection(SolutionProperties) = preSolution
		HideSolutionNode = FALSE
	EndGlobalSection
	GlobalSection(ExtensibilityGlobals) = postSolution
		SolutionGuid = {41F322AC-D939-41A0-9A15-093813AB09CC}
	EndGlobalSection
EndGlobal
